{
  "name": "tokens",
  "version": "1.0.0",
  "lockfileVersion": 2,
  "requires": true,
  "packages": {
    "": {
      "name": "tokens",
      "version": "1.0.0",
      "license": "ISC",
      "dependencies": {
        "style-dictionary": "^3.1.1"
      }
    },
    "node_modules/ansi-styles": {
      "version": "4.3.0",
      "resolved": "https://abcbrasil.pkgs.visualstudio.com/_packaging/ABCBrasil.Packages-Npm/npm/registry/ansi-styles/-/ansi-styles-4.3.0.tgz",
      "integrity": "sha1-7dgDYornHATIWuegkG7a00tkiTc=",
      "license": "MIT",
      "dependencies": {
        "color-convert": "^2.0.1"
      },
      "engines": {
        "node": ">=8"
      },
      "funding": {
        "url": "https://github.com/chalk/ansi-styles?sponsor=1"
      }
    },
    "node_modules/balanced-match": {
      "version": "1.0.2",
      "resolved": "https://abcbrasil.pkgs.visualstudio.com/_packaging/ABCBrasil.Packages-Npm/npm/registry/balanced-match/-/balanced-match-1.0.2.tgz",
      "integrity": "sha1-6D46fj8wCzTLnYf2FfoMvzV2kO4=",
      "license": "MIT"
    },
    "node_modules/brace-expansion": {
      "version": "1.1.11",
      "resolved": "https://abcbrasil.pkgs.visualstudio.com/_packaging/ABCBrasil.Packages-Npm/npm/registry/brace-expansion/-/brace-expansion-1.1.11.tgz",
      "integrity": "sha1-PH/L9SnYcibz0vUrlm/1Jx60Qd0=",
      "license": "MIT",
      "dependencies": {
        "balanced-match": "^1.0.0",
        "concat-map": "0.0.1"
      }
    },
    "node_modules/camel-case": {
      "version": "4.1.2",
      "resolved": "https://abcbrasil.pkgs.visualstudio.com/_packaging/ABCBrasil.Packages-Npm/npm/registry/camel-case/-/camel-case-4.1.2.tgz",
      "integrity": "sha1-lygHKpVPgFIoIlpt7qazhGHhvVo=",
      "license": "MIT",
      "dependencies": {
        "pascal-case": "^3.1.2",
        "tslib": "^2.0.3"
      }
    },
    "node_modules/capital-case": {
      "version": "1.0.4",
      "resolved": "https://abcbrasil.pkgs.visualstudio.com/_packaging/ABCBrasil.Packages-Npm/npm/registry/capital-case/-/capital-case-1.0.4.tgz",
      "integrity": "sha1-nRMCkjU8kkn2sA+lhSvuOKcX5mk=",
      "license": "MIT",
      "dependencies": {
        "no-case": "^3.0.4",
        "tslib": "^2.0.3",
        "upper-case-first": "^2.0.2"
      }
    },
    "node_modules/chalk": {
      "version": "4.1.2",
      "resolved": "https://abcbrasil.pkgs.visualstudio.com/_packaging/ABCBrasil.Packages-Npm/npm/registry/chalk/-/chalk-4.1.2.tgz",
      "integrity": "sha1-qsTit3NKdAhnrrFr8CqtVWoeegE=",
      "license": "MIT",
      "dependencies": {
        "ansi-styles": "^4.1.0",
        "supports-color": "^7.1.0"
      },
      "engines": {
        "node": ">=10"
      },
      "funding": {
        "url": "https://github.com/chalk/chalk?sponsor=1"
      }
    },
    "node_modules/change-case": {
      "version": "4.1.2",
      "resolved": "https://abcbrasil.pkgs.visualstudio.com/_packaging/ABCBrasil.Packages-Npm/npm/registry/change-case/-/change-case-4.1.2.tgz",
      "integrity": "sha1-/t/F8TYEXiOYwEEO5EH5VwRkHhI=",
      "license": "MIT",
      "dependencies": {
        "camel-case": "^4.1.2",
        "capital-case": "^1.0.4",
        "constant-case": "^3.0.4",
        "dot-case": "^3.0.4",
        "header-case": "^2.0.4",
        "no-case": "^3.0.4",
        "param-case": "^3.0.4",
        "pascal-case": "^3.1.2",
        "path-case": "^3.0.4",
        "sentence-case": "^3.0.4",
        "snake-case": "^3.0.4",
        "tslib": "^2.0.3"
      }
    },
    "node_modules/color-convert": {
      "version": "2.0.1",
      "resolved": "https://abcbrasil.pkgs.visualstudio.com/_packaging/ABCBrasil.Packages-Npm/npm/registry/color-convert/-/color-convert-2.0.1.tgz",
      "integrity": "sha1-ctOmjVmMm9s68q0ehPIdiWq9TeM=",
      "license": "MIT",
      "dependencies": {
        "color-name": "~1.1.4"
      },
      "engines": {
        "node": ">=7.0.0"
      }
    },
    "node_modules/color-name": {
      "version": "1.1.4",
      "resolved": "https://abcbrasil.pkgs.visualstudio.com/_packaging/ABCBrasil.Packages-Npm/npm/registry/color-name/-/color-name-1.1.4.tgz",
      "integrity": "sha1-wqCah6y95pVD3m9j+jmVyCbFNqI=",
      "license": "MIT"
    },
    "node_modules/commander": {
      "version": "5.1.0",
      "resolved": "https://abcbrasil.pkgs.visualstudio.com/_packaging/ABCBrasil.Packages-Npm/npm/registry/commander/-/commander-5.1.0.tgz",
      "integrity": "sha1-Rqu9FlL44Fm92u+Zu9yyrZzxea4=",
      "license": "MIT",
      "engines": {
        "node": ">= 6"
      }
    },
    "node_modules/concat-map": {
      "version": "0.0.1",
      "resolved": "https://abcbrasil.pkgs.visualstudio.com/_packaging/ABCBrasil.Packages-Npm/npm/registry/concat-map/-/concat-map-0.0.1.tgz",
      "integrity": "sha1-2Klr13/Wjfd5OnMDajug1UBdR3s=",
      "license": "MIT"
    },
    "node_modules/constant-case": {
      "version": "3.0.4",
      "resolved": "https://abcbrasil.pkgs.visualstudio.com/_packaging/ABCBrasil.Packages-Npm/npm/registry/constant-case/-/constant-case-3.0.4.tgz",
      "integrity": "sha1-O4Sprq9M8x7EXmv13pG9+wWJ+vE=",
      "license": "MIT",
      "dependencies": {
        "no-case": "^3.0.4",
        "tslib": "^2.0.3",
        "upper-case": "^2.0.2"
      }
    },
    "node_modules/dot-case": {
      "version": "3.0.4",
      "resolved": "https://abcbrasil.pkgs.visualstudio.com/_packaging/ABCBrasil.Packages-Npm/npm/registry/dot-case/-/dot-case-3.0.4.tgz",
      "integrity": "sha1-mytnDQCkMWZ6inW6Kc0bmICc51E=",
      "license": "MIT",
      "dependencies": {
        "no-case": "^3.0.4",
        "tslib": "^2.0.3"
      }
    },
    "node_modules/fs-extra": {
      "version": "8.1.0",
      "resolved": "https://abcbrasil.pkgs.visualstudio.com/_packaging/ABCBrasil.Packages-Npm/npm/registry/fs-extra/-/fs-extra-8.1.0.tgz",
      "integrity": "sha1-SdQ8RaiM2Wd2aMt74bRu/bjS4cA=",
      "license": "MIT",
      "dependencies": {
        "graceful-fs": "^4.2.0",
        "jsonfile": "^4.0.0",
        "universalify": "^0.1.0"
      },
      "engines": {
        "node": ">=6 <7 || >=8"
      }
    },
    "node_modules/fs.realpath": {
      "version": "1.0.0",
      "resolved": "https://abcbrasil.pkgs.visualstudio.com/_packaging/ABCBrasil.Packages-Npm/npm/registry/fs.realpath/-/fs.realpath-1.0.0.tgz",
      "integrity": "sha1-FQStJSMVjKpA20onh8sBQRmU6k8=",
      "license": "ISC"
    },
    "node_modules/glob": {
      "version": "7.2.0",
      "resolved": "https://abcbrasil.pkgs.visualstudio.com/_packaging/ABCBrasil.Packages-Npm/npm/registry/glob/-/glob-7.2.0.tgz",
      "integrity": "sha1-0VU1r3cy4C6Uj0xBYovZECk/YCM=",
      "license": "ISC",
      "dependencies": {
        "fs.realpath": "^1.0.0",
        "inflight": "^1.0.4",
        "inherits": "2",
        "minimatch": "^3.0.4",
        "once": "^1.3.0",
        "path-is-absolute": "^1.0.0"
      },
      "engines": {
        "node": "*"
      },
      "funding": {
        "url": "https://github.com/sponsors/isaacs"
      }
    },
    "node_modules/graceful-fs": {
      "version": "4.2.9",
      "resolved": "https://abcbrasil.pkgs.visualstudio.com/_packaging/ABCBrasil.Packages-Npm/npm/registry/graceful-fs/-/graceful-fs-4.2.9.tgz",
      "integrity": "sha1-BBsF30V1Xlh6JJQiebnRExRuHJY=",
      "license": "ISC"
    },
    "node_modules/has-flag": {
      "version": "4.0.0",
      "resolved": "https://abcbrasil.pkgs.visualstudio.com/_packaging/ABCBrasil.Packages-Npm/npm/registry/has-flag/-/has-flag-4.0.0.tgz",
      "integrity": "sha1-lEdx/ZyByBJlxNaUGGDaBrtZR5s=",
      "license": "MIT",
      "engines": {
        "node": ">=8"
      }
    },
    "node_modules/header-case": {
      "version": "2.0.4",
      "resolved": "https://abcbrasil.pkgs.visualstudio.com/_packaging/ABCBrasil.Packages-Npm/npm/registry/header-case/-/header-case-2.0.4.tgz",
      "integrity": "sha1-WkLmO1UXc0nPQFvrjXdayruSwGM=",
      "license": "MIT",
      "dependencies": {
        "capital-case": "^1.0.4",
        "tslib": "^2.0.3"
      }
    },
    "node_modules/inflight": {
      "version": "1.0.6",
      "resolved": "https://abcbrasil.pkgs.visualstudio.com/_packaging/ABCBrasil.Packages-Npm/npm/registry/inflight/-/inflight-1.0.6.tgz",
      "integrity": "sha1-Sb1jMdfQLQwJvJEKEHW6gWW1bfk=",
      "license": "ISC",
      "dependencies": {
        "once": "^1.3.0",
        "wrappy": "1"
      }
    },
    "node_modules/inherits": {
      "version": "2.0.4",
      "resolved": "https://abcbrasil.pkgs.visualstudio.com/_packaging/ABCBrasil.Packages-Npm/npm/registry/inherits/-/inherits-2.0.4.tgz",
      "integrity": "sha1-D6LGT5MpF8NDOg3tVTY6rjdBa3w=",
      "license": "ISC"
    },
    "node_modules/json5": {
      "version": "2.2.0",
      "resolved": "https://abcbrasil.pkgs.visualstudio.com/_packaging/ABCBrasil.Packages-Npm/npm/registry/json5/-/json5-2.2.0.tgz",
      "integrity": "sha1-Lf7+cgxrpSXZ69kJlQ8FFTFsiaM=",
      "license": "MIT",
      "dependencies": {
        "minimist": "^1.2.5"
      },
      "bin": {
        "json5": "lib/cli.js"
      },
      "engines": {
        "node": ">=6"
      }
    },
    "node_modules/jsonc-parser": {
      "version": "3.0.0",
      "resolved": "https://abcbrasil.pkgs.visualstudio.com/_packaging/ABCBrasil.Packages-Npm/npm/registry/jsonc-parser/-/jsonc-parser-3.0.0.tgz",
      "integrity": "sha1-q914VwHH5+rKip7IzwcMpRp0WiI=",
      "license": "MIT"
    },
    "node_modules/jsonfile": {
      "version": "4.0.0",
      "resolved": "https://abcbrasil.pkgs.visualstudio.com/_packaging/ABCBrasil.Packages-Npm/npm/registry/jsonfile/-/jsonfile-4.0.0.tgz",
      "integrity": "sha1-h3Gq4HmbZAdrdmQPygWPnBDjPss=",
      "license": "MIT",
      "optionalDependencies": {
        "graceful-fs": "^4.1.6"
      }
    },
    "node_modules/lodash": {
      "version": "4.17.21",
      "resolved": "https://abcbrasil.pkgs.visualstudio.com/_packaging/ABCBrasil.Packages-Npm/npm/registry/lodash/-/lodash-4.17.21.tgz",
      "integrity": "sha1-Z5WRxWTDv/quhFTPCz3zcMPWkRw=",
      "license": "MIT"
    },
    "node_modules/lower-case": {
      "version": "2.0.2",
      "resolved": "https://abcbrasil.pkgs.visualstudio.com/_packaging/ABCBrasil.Packages-Npm/npm/registry/lower-case/-/lower-case-2.0.2.tgz",
      "integrity": "sha1-b6I3xj29xKgsoP2ILkci3F5jTig=",
      "license": "MIT",
      "dependencies": {
        "tslib": "^2.0.3"
      }
    },
    "node_modules/minimatch": {
      "version": "3.0.4",
      "resolved": "https://abcbrasil.pkgs.visualstudio.com/_packaging/ABCBrasil.Packages-Npm/npm/registry/minimatch/-/minimatch-3.0.4.tgz",
      "integrity": "sha1-UWbihkV/AzBgZL5Ul+jbsMPTIIM=",
      "license": "ISC",
      "dependencies": {
        "brace-expansion": "^1.1.7"
      },
      "engines": {
        "node": "*"
      }
    },
    "node_modules/minimist": {
      "version": "1.2.5",
      "resolved": "https://abcbrasil.pkgs.visualstudio.com/_packaging/ABCBrasil.Packages-Npm/npm/registry/minimist/-/minimist-1.2.5.tgz",
      "integrity": "sha1-Z9ZgFLZqaoqqDAg8X9WN9OTpdgI=",
      "license": "MIT"
    },
    "node_modules/no-case": {
      "version": "3.0.4",
      "resolved": "https://abcbrasil.pkgs.visualstudio.com/_packaging/ABCBrasil.Packages-Npm/npm/registry/no-case/-/no-case-3.0.4.tgz",
      "integrity": "sha1-02H9XJgA9VhVGoNp/A3NRmK2Ek0=",
      "license": "MIT",
      "dependencies": {
        "lower-case": "^2.0.2",
        "tslib": "^2.0.3"
      }
    },
    "node_modules/once": {
      "version": "1.4.0",
      "resolved": "https://abcbrasil.pkgs.visualstudio.com/_packaging/ABCBrasil.Packages-Npm/npm/registry/once/-/once-1.4.0.tgz",
      "integrity": "sha1-WDsap3WWHUsROsF9nFC6753Xa9E=",
      "license": "ISC",
      "dependencies": {
        "wrappy": "1"
      }
    },
    "node_modules/param-case": {
      "version": "3.0.4",
      "resolved": "https://abcbrasil.pkgs.visualstudio.com/_packaging/ABCBrasil.Packages-Npm/npm/registry/param-case/-/param-case-3.0.4.tgz",
      "integrity": "sha1-fRf+SqEr3jTUp32RrPtiGcqtAcU=",
      "license": "MIT",
      "dependencies": {
        "dot-case": "^3.0.4",
        "tslib": "^2.0.3"
      }
    },
    "node_modules/pascal-case": {
      "version": "3.1.2",
      "resolved": "https://abcbrasil.pkgs.visualstudio.com/_packaging/ABCBrasil.Packages-Npm/npm/registry/pascal-case/-/pascal-case-3.1.2.tgz",
      "integrity": "sha1-tI4O8rmOIF58Ha50fQsVCCN2YOs=",
      "license": "MIT",
      "dependencies": {
        "no-case": "^3.0.4",
        "tslib": "^2.0.3"
      }
    },
    "node_modules/path-case": {
      "version": "3.0.4",
      "resolved": "https://abcbrasil.pkgs.visualstudio.com/_packaging/ABCBrasil.Packages-Npm/npm/registry/path-case/-/path-case-3.0.4.tgz",
      "integrity": "sha1-kWhkUzTrlCZYN1xW+AtMDLX4LG8=",
      "license": "MIT",
      "dependencies": {
        "dot-case": "^3.0.4",
        "tslib": "^2.0.3"
      }
    },
    "node_modules/path-is-absolute": {
      "version": "1.0.1",
      "resolved": "https://abcbrasil.pkgs.visualstudio.com/_packaging/ABCBrasil.Packages-Npm/npm/registry/path-is-absolute/-/path-is-absolute-1.0.1.tgz",
      "integrity": "sha1-F0uSaHNVNP+8es5r9TpanhtcX18=",
      "license": "MIT",
      "engines": {
        "node": ">=0.10.0"
      }
    },
    "node_modules/sentence-case": {
      "version": "3.0.4",
      "resolved": "https://abcbrasil.pkgs.visualstudio.com/_packaging/ABCBrasil.Packages-Npm/npm/registry/sentence-case/-/sentence-case-3.0.4.tgz",
      "integrity": "sha1-NkWnuMEXx4f96HAgViJbtipFEx8=",
      "license": "MIT",
      "dependencies": {
        "no-case": "^3.0.4",
        "tslib": "^2.0.3",
        "upper-case-first": "^2.0.2"
      }
    },
    "node_modules/snake-case": {
      "version": "3.0.4",
      "resolved": "https://abcbrasil.pkgs.visualstudio.com/_packaging/ABCBrasil.Packages-Npm/npm/registry/snake-case/-/snake-case-3.0.4.tgz",
      "integrity": "sha1-Tyu9Vo6ZNavf1ZPzTGkdrbScRSw=",
      "license": "MIT",
      "dependencies": {
        "dot-case": "^3.0.4",
        "tslib": "^2.0.3"
      }
    },
    "node_modules/style-dictionary": {
      "version": "3.1.1",
      "resolved": "https://abcbrasil.pkgs.visualstudio.com/_packaging/ABCBrasil.Packages-Npm/npm/registry/style-dictionary/-/style-dictionary-3.1.1.tgz",
      "integrity": "sha1-eA/+vGSlN7h37lWAvZqTek6prgo=",
      "license": "Apache-2.0",
      "dependencies": {
        "chalk": "^4.0.0",
        "change-case": "^4.1.2",
        "commander": "^5.1.0",
        "fs-extra": "^8.1.0",
        "glob": "^7.1.6",
        "json5": "^2.1.3",
        "jsonc-parser": "^3.0.0",
        "lodash": "^4.17.15",
        "tinycolor2": "^1.4.1"
      },
      "bin": {
        "style-dictionary": "bin/style-dictionary"
      },
      "engines": {
        "node": ">=12.0.0"
      }
    },
    "node_modules/supports-color": {
      "version": "7.2.0",
      "resolved": "https://abcbrasil.pkgs.visualstudio.com/_packaging/ABCBrasil.Packages-Npm/npm/registry/supports-color/-/supports-color-7.2.0.tgz",
      "integrity": "sha1-G33NyzK4E4gBs+R4umpRyqiWSNo=",
      "license": "MIT",
      "dependencies": {
        "has-flag": "^4.0.0"
      },
      "engines": {
        "node": ">=8"
      }
    },
    "node_modules/tinycolor2": {
      "version": "1.4.2",
      "resolved": "https://abcbrasil.pkgs.visualstudio.com/_packaging/ABCBrasil.Packages-Npm/npm/registry/tinycolor2/-/tinycolor2-1.4.2.tgz",
      "integrity": "sha1-P2pNEHGtB2dtf6Ry4frECnGdiAM=",
      "license": "MIT",
      "engines": {
        "node": "*"
      }
    },
    "node_modules/tslib": {
      "version": "2.3.1",
      "resolved": "https://abcbrasil.pkgs.visualstudio.com/_packaging/ABCBrasil.Packages-Npm/npm/registry/tslib/-/tslib-2.3.1.tgz",
      "integrity": "sha1-6KM1rdXOrlGqJh0ypJAVjvBC7wE=",
      "license": "0BSD"
    },
    "node_modules/universalify": {
      "version": "0.1.2",
      "resolved": "https://abcbrasil.pkgs.visualstudio.com/_packaging/ABCBrasil.Packages-Npm/npm/registry/universalify/-/universalify-0.1.2.tgz",
      "integrity": "sha1-tkb2m+OULavOzJ1mOcgNwQXvqmY=",
      "license": "MIT",
      "engines": {
        "node": ">= 4.0.0"
      }
    },
    "node_modules/upper-case": {
      "version": "2.0.2",
      "resolved": "https://abcbrasil.pkgs.visualstudio.com/_packaging/ABCBrasil.Packages-Npm/npm/registry/upper-case/-/upper-case-2.0.2.tgz",
      "integrity": "sha1-2JgQgj+qsd8VSbfZenb4Ziuub3o=",
      "license": "MIT",
      "dependencies": {
        "tslib": "^2.0.3"
      }
    },
    "node_modules/upper-case-first": {
      "version": "2.0.2",
      "resolved": "https://abcbrasil.pkgs.visualstudio.com/_packaging/ABCBrasil.Packages-Npm/npm/registry/upper-case-first/-/upper-case-first-2.0.2.tgz",
      "integrity": "sha1-mSwyc/iCq9GdHgKJTMFHEX+EQyQ=",
      "license": "MIT",
      "dependencies": {
        "tslib": "^2.0.3"
      }
    },
    "node_modules/wrappy": {
      "version": "1.0.2",
      "resolved": "https://abcbrasil.pkgs.visualstudio.com/_packaging/ABCBrasil.Packages-Npm/npm/registry/wrappy/-/wrappy-1.0.2.tgz",
      "integrity": "sha1-tSQ9jz7BqjXxNkYFvA0QNuMKtp8=",
      "license": "ISC"
    }
  },
  "dependencies": {
    "ansi-styles": {
      "version": "4.3.0",
      "resolved": "https://abcbrasil.pkgs.visualstudio.com/_packaging/ABCBrasil.Packages-Npm/npm/registry/ansi-styles/-/ansi-styles-4.3.0.tgz",
      "integrity": "sha1-7dgDYornHATIWuegkG7a00tkiTc=",
      "requires": {
        "color-convert": "^2.0.1"
      }
    },
    "balanced-match": {
      "version": "1.0.2",
      "resolved": "https://abcbrasil.pkgs.visualstudio.com/_packaging/ABCBrasil.Packages-Npm/npm/registry/balanced-match/-/balanced-match-1.0.2.tgz",
      "integrity": "sha1-6D46fj8wCzTLnYf2FfoMvzV2kO4="
    },
    "brace-expansion": {
      "version": "1.1.11",
      "resolved": "https://abcbrasil.pkgs.visualstudio.com/_packaging/ABCBrasil.Packages-Npm/npm/registry/brace-expansion/-/brace-expansion-1.1.11.tgz",
      "integrity": "sha1-PH/L9SnYcibz0vUrlm/1Jx60Qd0=",
      "requires": {
        "balanced-match": "^1.0.0",
        "concat-map": "0.0.1"
      }
    },
    "camel-case": {
      "version": "4.1.2",
      "resolved": "https://abcbrasil.pkgs.visualstudio.com/_packaging/ABCBrasil.Packages-Npm/npm/registry/camel-case/-/camel-case-4.1.2.tgz",
      "integrity": "sha1-lygHKpVPgFIoIlpt7qazhGHhvVo=",
      "requires": {
        "pascal-case": "^3.1.2",
        "tslib": "^2.0.3"
      }
    },
    "capital-case": {
      "version": "1.0.4",
      "resolved": "https://abcbrasil.pkgs.visualstudio.com/_packaging/ABCBrasil.Packages-Npm/npm/registry/capital-case/-/capital-case-1.0.4.tgz",
      "integrity": "sha1-nRMCkjU8kkn2sA+lhSvuOKcX5mk=",
      "requires": {
        "no-case": "^3.0.4",
        "tslib": "^2.0.3",
        "upper-case-first": "^2.0.2"
      }
    },
    "chalk": {
      "version": "4.1.2",
      "resolved": "https://abcbrasil.pkgs.visualstudio.com/_packaging/ABCBrasil.Packages-Npm/npm/registry/chalk/-/chalk-4.1.2.tgz",
      "integrity": "sha1-qsTit3NKdAhnrrFr8CqtVWoeegE=",
      "requires": {
        "ansi-styles": "^4.1.0",
        "supports-color": "^7.1.0"
      }
    },
    "change-case": {
      "version": "4.1.2",
      "resolved": "https://abcbrasil.pkgs.visualstudio.com/_packaging/ABCBrasil.Packages-Npm/npm/registry/change-case/-/change-case-4.1.2.tgz",
      "integrity": "sha1-/t/F8TYEXiOYwEEO5EH5VwRkHhI=",
      "requires": {
        "camel-case": "^4.1.2",
        "capital-case": "^1.0.4",
        "constant-case": "^3.0.4",
        "dot-case": "^3.0.4",
        "header-case": "^2.0.4",
        "no-case": "^3.0.4",
        "param-case": "^3.0.4",
        "pascal-case": "^3.1.2",
        "path-case": "^3.0.4",
        "sentence-case": "^3.0.4",
        "snake-case": "^3.0.4",
        "tslib": "^2.0.3"
      }
    },
    "color-convert": {
      "version": "2.0.1",
      "resolved": "https://abcbrasil.pkgs.visualstudio.com/_packaging/ABCBrasil.Packages-Npm/npm/registry/color-convert/-/color-convert-2.0.1.tgz",
      "integrity": "sha1-ctOmjVmMm9s68q0ehPIdiWq9TeM=",
      "requires": {
        "color-name": "~1.1.4"
      }
    },
    "color-name": {
      "version": "1.1.4",
      "resolved": "https://abcbrasil.pkgs.visualstudio.com/_packaging/ABCBrasil.Packages-Npm/npm/registry/color-name/-/color-name-1.1.4.tgz",
      "integrity": "sha1-wqCah6y95pVD3m9j+jmVyCbFNqI="
    },
    "commander": {
      "version": "5.1.0",
      "resolved": "https://abcbrasil.pkgs.visualstudio.com/_packaging/ABCBrasil.Packages-Npm/npm/registry/commander/-/commander-5.1.0.tgz",
      "integrity": "sha1-Rqu9FlL44Fm92u+Zu9yyrZzxea4="
    },
    "concat-map": {
      "version": "0.0.1",
      "resolved": "https://abcbrasil.pkgs.visualstudio.com/_packaging/ABCBrasil.Packages-Npm/npm/registry/concat-map/-/concat-map-0.0.1.tgz",
      "integrity": "sha1-2Klr13/Wjfd5OnMDajug1UBdR3s="
    },
    "constant-case": {
      "version": "3.0.4",
      "resolved": "https://abcbrasil.pkgs.visualstudio.com/_packaging/ABCBrasil.Packages-Npm/npm/registry/constant-case/-/constant-case-3.0.4.tgz",
      "integrity": "sha1-O4Sprq9M8x7EXmv13pG9+wWJ+vE=",
      "requires": {
        "no-case": "^3.0.4",
        "tslib": "^2.0.3",
        "upper-case": "^2.0.2"
      }
    },
    "dot-case": {
      "version": "3.0.4",
      "resolved": "https://abcbrasil.pkgs.visualstudio.com/_packaging/ABCBrasil.Packages-Npm/npm/registry/dot-case/-/dot-case-3.0.4.tgz",
      "integrity": "sha1-mytnDQCkMWZ6inW6Kc0bmICc51E=",
      "requires": {
        "no-case": "^3.0.4",
        "tslib": "^2.0.3"
      }
    },
    "fs-extra": {
      "version": "8.1.0",
      "resolved": "https://abcbrasil.pkgs.visualstudio.com/_packaging/ABCBrasil.Packages-Npm/npm/registry/fs-extra/-/fs-extra-8.1.0.tgz",
      "integrity": "sha1-SdQ8RaiM2Wd2aMt74bRu/bjS4cA=",
      "requires": {
        "graceful-fs": "^4.2.0",
        "jsonfile": "^4.0.0",
        "universalify": "^0.1.0"
      }
    },
    "fs.realpath": {
      "version": "1.0.0",
      "resolved": "https://abcbrasil.pkgs.visualstudio.com/_packaging/ABCBrasil.Packages-Npm/npm/registry/fs.realpath/-/fs.realpath-1.0.0.tgz",
      "integrity": "sha1-FQStJSMVjKpA20onh8sBQRmU6k8="
    },
    "glob": {
      "version": "7.2.0",
      "resolved": "https://abcbrasil.pkgs.visualstudio.com/_packaging/ABCBrasil.Packages-Npm/npm/registry/glob/-/glob-7.2.0.tgz",
      "integrity": "sha1-0VU1r3cy4C6Uj0xBYovZECk/YCM=",
      "requires": {
        "fs.realpath": "^1.0.0",
        "inflight": "^1.0.4",
        "inherits": "2",
        "minimatch": "^3.0.4",
        "once": "^1.3.0",
        "path-is-absolute": "^1.0.0"
      }
    },
    "graceful-fs": {
      "version": "4.2.9",
      "resolved": "https://abcbrasil.pkgs.visualstudio.com/_packaging/ABCBrasil.Packages-Npm/npm/registry/graceful-fs/-/graceful-fs-4.2.9.tgz",
      "integrity": "sha1-BBsF30V1Xlh6JJQiebnRExRuHJY="
    },
    "has-flag": {
      "version": "4.0.0",
      "resolved": "https://abcbrasil.pkgs.visualstudio.com/_packaging/ABCBrasil.Packages-Npm/npm/registry/has-flag/-/has-flag-4.0.0.tgz",
      "integrity": "sha1-lEdx/ZyByBJlxNaUGGDaBrtZR5s="
    },
    "header-case": {
      "version": "2.0.4",
      "resolved": "https://abcbrasil.pkgs.visualstudio.com/_packaging/ABCBrasil.Packages-Npm/npm/registry/header-case/-/header-case-2.0.4.tgz",
      "integrity": "sha1-WkLmO1UXc0nPQFvrjXdayruSwGM=",
      "requires": {
        "capital-case": "^1.0.4",
        "tslib": "^2.0.3"
      }
    },
    "inflight": {
      "version": "1.0.6",
      "resolved": "https://abcbrasil.pkgs.visualstudio.com/_packaging/ABCBrasil.Packages-Npm/npm/registry/inflight/-/inflight-1.0.6.tgz",
      "integrity": "sha1-Sb1jMdfQLQwJvJEKEHW6gWW1bfk=",
      "requires": {
        "once": "^1.3.0",
        "wrappy": "1"
      }
    },
    "inherits": {
      "version": "2.0.4",
      "resolved": "https://abcbrasil.pkgs.visualstudio.com/_packaging/ABCBrasil.Packages-Npm/npm/registry/inherits/-/inherits-2.0.4.tgz",
      "integrity": "sha1-D6LGT5MpF8NDOg3tVTY6rjdBa3w="
    },
    "json5": {
      "version": "2.2.0",
      "resolved": "https://abcbrasil.pkgs.visualstudio.com/_packaging/ABCBrasil.Packages-Npm/npm/registry/json5/-/json5-2.2.0.tgz",
      "integrity": "sha1-Lf7+cgxrpSXZ69kJlQ8FFTFsiaM=",
      "requires": {
        "minimist": "^1.2.5"
      }
    },
    "jsonc-parser": {
      "version": "3.0.0",
      "resolved": "https://abcbrasil.pkgs.visualstudio.com/_packaging/ABCBrasil.Packages-Npm/npm/registry/jsonc-parser/-/jsonc-parser-3.0.0.tgz",
      "integrity": "sha1-q914VwHH5+rKip7IzwcMpRp0WiI="
    },
    "jsonfile": {
      "version": "4.0.0",
      "resolved": "https://abcbrasil.pkgs.visualstudio.com/_packaging/ABCBrasil.Packages-Npm/npm/registry/jsonfile/-/jsonfile-4.0.0.tgz",
      "integrity": "sha1-h3Gq4HmbZAdrdmQPygWPnBDjPss=",
      "requires": {
        "graceful-fs": "^4.1.6"
      }
    },
    "lodash": {
      "version": "4.17.21",
      "resolved": "https://abcbrasil.pkgs.visualstudio.com/_packaging/ABCBrasil.Packages-Npm/npm/registry/lodash/-/lodash-4.17.21.tgz",
      "integrity": "sha1-Z5WRxWTDv/quhFTPCz3zcMPWkRw="
    },
    "lower-case": {
      "version": "2.0.2",
      "resolved": "https://abcbrasil.pkgs.visualstudio.com/_packaging/ABCBrasil.Packages-Npm/npm/registry/lower-case/-/lower-case-2.0.2.tgz",
      "integrity": "sha1-b6I3xj29xKgsoP2ILkci3F5jTig=",
      "requires": {
        "tslib": "^2.0.3"
      }
    },
    "minimatch": {
      "version": "3.0.4",
      "resolved": "https://abcbrasil.pkgs.visualstudio.com/_packaging/ABCBrasil.Packages-Npm/npm/registry/minimatch/-/minimatch-3.0.4.tgz",
      "integrity": "sha1-UWbihkV/AzBgZL5Ul+jbsMPTIIM=",
      "requires": {
        "brace-expansion": "^1.1.7"
      }
    },
    "minimist": {
      "version": "1.2.5",
      "resolved": "https://abcbrasil.pkgs.visualstudio.com/_packaging/ABCBrasil.Packages-Npm/npm/registry/minimist/-/minimist-1.2.5.tgz",
      "integrity": "sha1-Z9ZgFLZqaoqqDAg8X9WN9OTpdgI="
    },
    "no-case": {
      "version": "3.0.4",
      "resolved": "https://abcbrasil.pkgs.visualstudio.com/_packaging/ABCBrasil.Packages-Npm/npm/registry/no-case/-/no-case-3.0.4.tgz",
      "integrity": "sha1-02H9XJgA9VhVGoNp/A3NRmK2Ek0=",
      "requires": {
        "lower-case": "^2.0.2",
        "tslib": "^2.0.3"
      }
    },
    "once": {
      "version": "1.4.0",
      "resolved": "https://abcbrasil.pkgs.visualstudio.com/_packaging/ABCBrasil.Packages-Npm/npm/registry/once/-/once-1.4.0.tgz",
      "integrity": "sha1-WDsap3WWHUsROsF9nFC6753Xa9E=",
      "requires": {
        "wrappy": "1"
      }
    },
    "param-case": {
      "version": "3.0.4",
      "resolved": "https://abcbrasil.pkgs.visualstudio.com/_packaging/ABCBrasil.Packages-Npm/npm/registry/param-case/-/param-case-3.0.4.tgz",
      "integrity": "sha1-fRf+SqEr3jTUp32RrPtiGcqtAcU=",
      "requires": {
        "dot-case": "^3.0.4",
        "tslib": "^2.0.3"
      }
    },
    "pascal-case": {
      "version": "3.1.2",
      "resolved": "https://abcbrasil.pkgs.visualstudio.com/_packaging/ABCBrasil.Packages-Npm/npm/registry/pascal-case/-/pascal-case-3.1.2.tgz",
      "integrity": "sha1-tI4O8rmOIF58Ha50fQsVCCN2YOs=",
      "requires": {
        "no-case": "^3.0.4",
        "tslib": "^2.0.3"
      }
    },
    "path-case": {
      "version": "3.0.4",
      "resolved": "https://abcbrasil.pkgs.visualstudio.com/_packaging/ABCBrasil.Packages-Npm/npm/registry/path-case/-/path-case-3.0.4.tgz",
      "integrity": "sha1-kWhkUzTrlCZYN1xW+AtMDLX4LG8=",
      "requires": {
        "dot-case": "^3.0.4",
        "tslib": "^2.0.3"
      }
    },
    "path-is-absolute": {
      "version": "1.0.1",
      "resolved": "https://abcbrasil.pkgs.visualstudio.com/_packaging/ABCBrasil.Packages-Npm/npm/registry/path-is-absolute/-/path-is-absolute-1.0.1.tgz",
      "integrity": "sha1-F0uSaHNVNP+8es5r9TpanhtcX18="
    },
    "sentence-case": {
      "version": "3.0.4",
      "resolved": "https://abcbrasil.pkgs.visualstudio.com/_packaging/ABCBrasil.Packages-Npm/npm/registry/sentence-case/-/sentence-case-3.0.4.tgz",
      "integrity": "sha1-NkWnuMEXx4f96HAgViJbtipFEx8=",
      "requires": {
        "no-case": "^3.0.4",
        "tslib": "^2.0.3",
        "upper-case-first": "^2.0.2"
      }
    },
    "snake-case": {
      "version": "3.0.4",
      "resolved": "https://abcbrasil.pkgs.visualstudio.com/_packaging/ABCBrasil.Packages-Npm/npm/registry/snake-case/-/snake-case-3.0.4.tgz",
      "integrity": "sha1-Tyu9Vo6ZNavf1ZPzTGkdrbScRSw=",
      "requires": {
        "dot-case": "^3.0.4",
        "tslib": "^2.0.3"
      }
    },
    "style-dictionary": {
      "version": "3.1.1",
      "resolved": "https://abcbrasil.pkgs.visualstudio.com/_packaging/ABCBrasil.Packages-Npm/npm/registry/style-dictionary/-/style-dictionary-3.1.1.tgz",
      "integrity": "sha1-eA/+vGSlN7h37lWAvZqTek6prgo=",
      "requires": {
        "chalk": "^4.0.0",
        "change-case": "^4.1.2",
        "commander": "^5.1.0",
        "fs-extra": "^8.1.0",
        "glob": "^7.1.6",
        "json5": "^2.1.3",
        "jsonc-parser": "^3.0.0",
        "lodash": "^4.17.15",
        "tinycolor2": "^1.4.1"
      }
    },
    "supports-color": {
      "version": "7.2.0",
      "resolved": "https://abcbrasil.pkgs.visualstudio.com/_packaging/ABCBrasil.Packages-Npm/npm/registry/supports-color/-/supports-color-7.2.0.tgz",
      "integrity": "sha1-G33NyzK4E4gBs+R4umpRyqiWSNo=",
      "requires": {
        "has-flag": "^4.0.0"
      }
    },
    "tinycolor2": {
      "version": "1.4.2",
      "resolved": "https://abcbrasil.pkgs.visualstudio.com/_packaging/ABCBrasil.Packages-Npm/npm/registry/tinycolor2/-/tinycolor2-1.4.2.tgz",
      "integrity": "sha1-P2pNEHGtB2dtf6Ry4frECnGdiAM="
    },
    "tslib": {
      "version": "2.3.1",
      "resolved": "https://abcbrasil.pkgs.visualstudio.com/_packaging/ABCBrasil.Packages-Npm/npm/registry/tslib/-/tslib-2.3.1.tgz",
      "integrity": "sha1-6KM1rdXOrlGqJh0ypJAVjvBC7wE="
    },
    "universalify": {
      "version": "0.1.2",
      "resolved": "https://abcbrasil.pkgs.visualstudio.com/_packaging/ABCBrasil.Packages-Npm/npm/registry/universalify/-/universalify-0.1.2.tgz",
      "integrity": "sha1-tkb2m+OULavOzJ1mOcgNwQXvqmY="
    },
    "upper-case": {
      "version": "2.0.2",
      "resolved": "https://abcbrasil.pkgs.visualstudio.com/_packaging/ABCBrasil.Packages-Npm/npm/registry/upper-case/-/upper-case-2.0.2.tgz",
      "integrity": "sha1-2JgQgj+qsd8VSbfZenb4Ziuub3o=",
      "requires": {
        "tslib": "^2.0.3"
      }
    },
    "upper-case-first": {
      "version": "2.0.2",
      "resolved": "https://abcbrasil.pkgs.visualstudio.com/_packaging/ABCBrasil.Packages-Npm/npm/registry/upper-case-first/-/upper-case-first-2.0.2.tgz",
      "integrity": "sha1-mSwyc/iCq9GdHgKJTMFHEX+EQyQ=",
      "requires": {
        "tslib": "^2.0.3"
      }
    },
    "wrappy": {
      "version": "1.0.2",
      "resolved": "https://abcbrasil.pkgs.visualstudio.com/_packaging/ABCBrasil.Packages-Npm/npm/registry/wrappy/-/wrappy-1.0.2.tgz",
      "integrity": "sha1-tSQ9jz7BqjXxNkYFvA0QNuMKtp8="
    }
  }
}
